{
  "name": "gatsby-starter-netlify-cms",
  "version": "1.1.3",
  "lockfileVersion": 1,
  "requires": true,
  "dependencies": {
    "ckeditor4-integrations-common": {
      "version": "0.2.0",
      "resolved": "https://registry.npmjs.org/ckeditor4-integrations-common/-/ckeditor4-integrations-common-0.2.0.tgz",
      "integrity": "sha512-KkHztF0bkGOnTcifWFd55j5Y9SCR3uk12SGgS6L1mZNnBeIJFCcgTwZWEHtG2aDJF7aZob7cex1CShL+SrNuow==",
      "requires": {
        "load-script": "^1.0.0"
      }
    },
    "ckeditor4-react": {
      "version": "1.4.2",
      "resolved": "https://registry.npmjs.org/ckeditor4-react/-/ckeditor4-react-1.4.2.tgz",
      "integrity": "sha512-4H5ZRCLBWoAaOVN+u+3bMXGOaq0n+FlYvHiH7F4FAIbxDXPSyDweQiTdMS74au/neOJffGY8mLtqf2nIP9wr7g==",
      "requires": {
        "ckeditor4-integrations-common": "^0.2.0",
        "prop-types": "^15.6.2"
      },
      "dependencies": {
        "prop-types": {
          "version": "15.7.2",
          "resolved": "https://registry.npmjs.org/prop-types/-/prop-types-15.7.2.tgz",
          "integrity": "sha512-8QQikdH7//R2vurIJSutZ1smHYTcLpRWEOlHnzcWHmBYrOGUysKwSsrC89BCiFj3CbrfJ/nXFdJepOVrY1GCHQ==",
          "requires": {
            "loose-envify": "^1.4.0",
            "object-assign": "^4.1.1",
            "react-is": "^16.8.1"
          }
        }
      }
    },
    "install": {
      "version": "0.13.0",
      "resolved": "https://registry.npmjs.org/install/-/install-0.13.0.tgz",
      "integrity": "sha512-zDml/jzr2PKU9I8J/xyZBQn8rPCAY//UOYNmR01XwNwyfhEWObo2SWfSl1+0tm1u6PhxLwDnfsT/6jB7OUxqFA=="
    },
    "js-tokens": {
      "version": "4.0.0",
      "resolved": "https://registry.npmjs.org/js-tokens/-/js-tokens-4.0.0.tgz",
      "integrity": "sha512-RdJUflcE3cUzKiMqQgsCu06FPu9UdIJO0beYbPhHN4k6apgJtifcoCtT9bcxOpYBtpD2kCM6Sbzg4CausW/PKQ=="
    },
    "load-script": {
      "version": "1.0.0",
      "resolved": "https://registry.npmjs.org/load-script/-/load-script-1.0.0.tgz",
      "integrity": "sha1-BJGTngvuVkPuSUp+PaPSuscMbKQ="
    },
    "loose-envify": {
      "version": "1.4.0",
      "resolved": "https://registry.npmjs.org/loose-envify/-/loose-envify-1.4.0.tgz",
      "integrity": "sha512-lyuxPGr/Wfhrlem2CL/UcnUc1zcqKAImBDzukY7Y5F/yQiNdko6+fRLevlw1HgMySw7f611UIY408EtxRSoK3Q==",
      "requires": {
        "js-tokens": "^3.0.0 || ^4.0.0"
      }
    },
    "netlify-cms-widget-ckeditor": {
      "version": "0.0.1",
      "resolved": "https://registry.npmjs.org/netlify-cms-widget-ckeditor/-/netlify-cms-widget-ckeditor-0.0.1.tgz",
      "integrity": "sha512-3lweR3HuW5gHbaNHyhIY4N3FUrVrmCsnyl8SsZh41EeXfd9XXbuWxoEkwbYhxy3fnmjsj8drARszm5etCYAp/A==",
      "requires": {
        "ckeditor4-react": "^1.0.0",
        "install": "^0.13.0",
        "prop-types": "^15.6.1"
      },
      "dependencies": {
        "prop-types": {
          "version": "15.7.2",
          "resolved": "https://registry.npmjs.org/prop-types/-/prop-types-15.7.2.tgz",
          "integrity": "sha512-8QQikdH7//R2vurIJSutZ1smHYTcLpRWEOlHnzcWHmBYrOGUysKwSsrC89BCiFj3CbrfJ/nXFdJepOVrY1GCHQ==",
          "requires": {
            "loose-envify": "^1.4.0",
            "object-assign": "^4.1.1",
            "react-is": "^16.8.1"
          }
        }
      }
    },
    "object-assign": {
      "version": "4.1.1",
      "resolved": "https://registry.npmjs.org/object-assign/-/object-assign-4.1.1.tgz",
      "integrity": "sha1-IQmtx5ZYh8/AXLvUQsrIv7s2CGM="
    },
    "react-is": {
      "version": "16.13.1",
      "resolved": "https://registry.npmjs.org/react-is/-/react-is-16.13.1.tgz",
      "integrity": "sha512-24e6ynE2H+OKt4kqsOvNd8kBpV65zoxbA4BVsEOB3ARVWQki/DHzaUoC5KuON/BiccDaCCTZBuOcfZs70kR8bQ=="
    }
  }
}
